
Microsoft Visual Studio Solution File, Format Version 12.00
# Visual Studio Version 17
VisualStudioVersion = 17.14.36705.20
MinimumVisualStudioVersion = 10.0.40219.1
Project("{FAE04EC0-301F-11D3-BF4B-00C04F79EFBC}") = "API-Proyecto", "API-Proyecto\API-Proyecto.csproj", "{DFB73D3A-E828-4B38-81F8-46651BCFC4D5}"
EndProject
Project("{FAE04EC0-301F-11D3-BF4B-00C04F79EFBC}") = "CompositionRoot", "CompositionRoot\CompositionRoot.csproj", "{355D952D-5DE2-46EC-BA01-58A1EBE120C4}"
EndProject
Project("{FAE04EC0-301F-11D3-BF4B-00C04F79EFBC}") = "Data", "Data\Data.csproj", "{9054455B-49D3-4DEE-B4B6-668BFC10A2BA}"
EndProject
Project("{FAE04EC0-301F-11D3-BF4B-00C04F79EFBC}") = "Domain", "Domain\Domain.csproj", "{DADF4FB3-ECA0-447A-85BF-B8608915BFE9}"
EndProject
Global
	GlobalSection(SolutionConfigurationPlatforms) = preSolution
		Debug|Any CPU = Debug|Any CPU
		Release|Any CPU = Release|Any CPU
	EndGlobalSection
	GlobalSection(ProjectConfigurationPlatforms) = postSolution
		{DFB73D3A-E828-4B38-81F8-46651BCFC4D5}.Debug|Any CPU.ActiveCfg = Debug|Any CPU
		{DFB73D3A-E828-4B38-81F8-46651BCFC4D5}.Debug|Any CPU.Build.0 = Debug|Any CPU
		{DFB73D3A-E828-4B38-81F8-46651BCFC4D5}.Release|Any CPU.ActiveCfg = Release|Any CPU
		{DFB73D3A-E828-4B38-81F8-46651BCFC4D5}.Release|Any CPU.Build.0 = Release|Any CPU
		{355D952D-5DE2-46EC-BA01-58A1EBE120C4}.Debug|Any CPU.ActiveCfg = Debug|Any CPU
		{355D952D-5DE2-46EC-BA01-58A1EBE120C4}.Debug|Any CPU.Build.0 = Debug|Any CPU
		{355D952D-5DE2-46EC-BA01-58A1EBE120C4}.Release|Any CPU.ActiveCfg = Release|Any CPU
		{355D952D-5DE2-46EC-BA01-58A1EBE120C4}.Release|Any CPU.Build.0 = Release|Any CPU
		{9054455B-49D3-4DEE-B4B6-668BFC10A2BA}.Debug|Any CPU.ActiveCfg = Debug|Any CPU
		{9054455B-49D3-4DEE-B4B6-668BFC10A2BA}.Debug|Any CPU.Build.0 = Debug|Any CPU
		{9054455B-49D3-4DEE-B4B6-668BFC10A2BA}.Release|Any CPU.ActiveCfg = Release|Any CPU
		{9054455B-49D3-4DEE-B4B6-668BFC10A2BA}.Release|Any CPU.Build.0 = Release|Any CPU
		{DADF4FB3-ECA0-447A-85BF-B8608915BFE9}.Debug|Any CPU.ActiveCfg = Debug|Any CPU
		{DADF4FB3-ECA0-447A-85BF-B8608915BFE9}.Debug|Any CPU.Build.0 = Debug|Any CPU
		{DADF4FB3-ECA0-447A-85BF-B8608915BFE9}.Release|Any CPU.ActiveCfg = Release|Any CPU
		{DADF4FB3-ECA0-447A-85BF-B8608915BFE9}.Release|Any CPU.Build.0 = Release|Any CPU
	EndGlobalSection
	GlobalSection(SolutionProperties) = preSolution
		HideSolutionNode = FALSE
	EndGlobalSection
	GlobalSection(ExtensibilityGlobals) = postSolution
		SolutionGuid = {85B1F610-BFEB-4E95-8B09-7C875F350AF2}
	EndGlobalSection
EndGlobal
